
Microsoft Visual Studio Solution File, Format Version 12.00
Project("{2150E333-8FDC-42A3-9474-1A3956D46DE8}") = "Services", "Services", "{E5433C84-DEA3-4F0E-BF62-00294F3D4934}"
EndProject
Project("{2150E333-8FDC-42A3-9474-1A3956D46DE8}") = "Modules", "Modules", "{FE51FD6C-DEA7-4250-9A45-FA5AA35F8997}"
EndProject
Project("{2150E333-8FDC-42A3-9474-1A3956D46DE8}") = "Tests", "Tests", "{536A90D2-D560-41EF-8957-8BB061894DD1}"
EndProject
Project("{2150E333-8FDC-42A3-9474-1A3956D46DE8}") = "Guilds", "Guilds", "{156A10FB-92D1-459D-93F8-DA9EFB40ADEF}"
EndProject
Project("{2150E333-8FDC-42A3-9474-1A3956D46DE8}") = "Guilds", "Guilds", "{DE4674BA-0F04-40D8-9D48-6B65488B07B0}"
EndProject
Project("{2150E333-8FDC-42A3-9474-1A3956D46DE8}") = "Guilds", "Guilds", "{CD8D4466-9682-4F8E-A009-74545D0E9513}"
EndProject
Project("{FAE04EC0-301F-11D3-BF4B-00C04F79EFBC}") = "Guilds.Infrastructure.Tests", "Tests\Guilds.Infrastructure.Tests\Guilds.Infrastructure.Tests.csproj", "{BB68D710-2106-4F6A-A79D-4356B4F966A8}"
EndProject
Project("{FAE04EC0-301F-11D3-BF4B-00C04F79EFBC}") = "Guilds.Domain.Tests", "Tests\Guilds.Domain.Tests\Guilds.Domain.Tests.csproj", "{895B4516-6B75-4835-8CFF-D45CB1BAC2B9}"
EndProject
Project("{FAE04EC0-301F-11D3-BF4B-00C04F79EFBC}") = "Shared.Mongo.Tests", "Tests\Shared.Mongo.Tests\Shared.Mongo.Tests.csproj", "{A4720D32-DB57-4F22-BFE3-D2A71AAB95C6}"
EndProject
Project("{FAE04EC0-301F-11D3-BF4B-00C04F79EFBC}") = "Guilds.WebApi", "Services\Guilds.WebApi\Guilds.WebApi.csproj", "{5288EA3F-6058-4352-BD9E-4633DF0C066C}"
EndProject
Project("{FAE04EC0-301F-11D3-BF4B-00C04F79EFBC}") = "Guild.Api.Tests", "Tests\Guild.Api.Tests\Guild.Api.Tests.csproj", "{164723AA-B683-4B6A-9DC5-4C8EF706E14E}"
EndProject
Project("{FAE04EC0-301F-11D3-BF4B-00C04F79EFBC}") = "Guilds.Api", "Modules\Guilds.Api\Guilds.Api.csproj", "{21A1F0E5-57FB-4FF9-9057-A1DA9E546176}"
EndProject
Project("{FAE04EC0-301F-11D3-BF4B-00C04F79EFBC}") = "Guilds.Domain", "Modules\Guilds.Domain\Guilds.Domain.csproj", "{B7A2798F-4AC2-4FE1-BB07-C0C42DA5E132}"
EndProject
Project("{FAE04EC0-301F-11D3-BF4B-00C04F79EFBC}") = "Guilds.Infrastructure", "Modules\Guilds.Infrastructure\Guilds.Infrastructure.csproj", "{7181CA5A-7A3F-4E22-A339-14E8A3AEBABA}"
EndProject
Project("{FAE04EC0-301F-11D3-BF4B-00C04F79EFBC}") = "Shared.Core", "Modules\Shared.Core\Shared.Core.csproj", "{A59BDFF0-DB51-4B67-AE92-EC2960524E1E}"
EndProject
Project("{FAE04EC0-301F-11D3-BF4B-00C04F79EFBC}") = "Shared.Guilds", "Modules\Shared.Guilds\Shared.Guilds.csproj", "{5309EE4E-7ABE-43C8-B0C8-CE604DC1E895}"
EndProject
Project("{FAE04EC0-301F-11D3-BF4B-00C04F79EFBC}") = "Shared.Mongo", "Modules\Shared.Mongo\Shared.Mongo.csproj", "{E7C3CF6F-9227-410E-9302-AFF12584A36F}"
EndProject
Project("{FAE04EC0-301F-11D3-BF4B-00C04F79EFBC}") = "Guilds.Mongo", "Modules\Guilds.Mongo\Guilds.Mongo.csproj", "{ADCD261D-47F9-4775-9D76-28544E69E4F8}"
EndProject
Project("{FAE04EC0-301F-11D3-BF4B-00C04F79EFBC}") = "Guilds.Persistence", "Services\Guilds.Persistence\Guilds.Persistence.csproj", "{D455ADFD-77E5-4D1B-87E6-F51D15EC9D62}"
EndProject
Global
	GlobalSection(SolutionConfigurationPlatforms) = preSolution
		Debug|Any CPU = Debug|Any CPU
		Release|Any CPU = Release|Any CPU
	EndGlobalSection
	GlobalSection(NestedProjects) = preSolution
		{156A10FB-92D1-459D-93F8-DA9EFB40ADEF} = {FE51FD6C-DEA7-4250-9A45-FA5AA35F8997}
		{DE4674BA-0F04-40D8-9D48-6B65488B07B0} = {E5433C84-DEA3-4F0E-BF62-00294F3D4934}
		{CD8D4466-9682-4F8E-A009-74545D0E9513} = {536A90D2-D560-41EF-8957-8BB061894DD1}
		{BB68D710-2106-4F6A-A79D-4356B4F966A8} = {CD8D4466-9682-4F8E-A009-74545D0E9513}
		{895B4516-6B75-4835-8CFF-D45CB1BAC2B9} = {CD8D4466-9682-4F8E-A009-74545D0E9513}
		{A4720D32-DB57-4F22-BFE3-D2A71AAB95C6} = {536A90D2-D560-41EF-8957-8BB061894DD1}
		{5288EA3F-6058-4352-BD9E-4633DF0C066C} = {DE4674BA-0F04-40D8-9D48-6B65488B07B0}
		{164723AA-B683-4B6A-9DC5-4C8EF706E14E} = {CD8D4466-9682-4F8E-A009-74545D0E9513}
		{21A1F0E5-57FB-4FF9-9057-A1DA9E546176} = {156A10FB-92D1-459D-93F8-DA9EFB40ADEF}
		{B7A2798F-4AC2-4FE1-BB07-C0C42DA5E132} = {156A10FB-92D1-459D-93F8-DA9EFB40ADEF}
		{7181CA5A-7A3F-4E22-A339-14E8A3AEBABA} = {156A10FB-92D1-459D-93F8-DA9EFB40ADEF}
		{A59BDFF0-DB51-4B67-AE92-EC2960524E1E} = {FE51FD6C-DEA7-4250-9A45-FA5AA35F8997}
		{5309EE4E-7ABE-43C8-B0C8-CE604DC1E895} = {FE51FD6C-DEA7-4250-9A45-FA5AA35F8997}
		{E7C3CF6F-9227-410E-9302-AFF12584A36F} = {FE51FD6C-DEA7-4250-9A45-FA5AA35F8997}
		{ADCD261D-47F9-4775-9D76-28544E69E4F8} = {156A10FB-92D1-459D-93F8-DA9EFB40ADEF}
		{D455ADFD-77E5-4D1B-87E6-F51D15EC9D62} = {DE4674BA-0F04-40D8-9D48-6B65488B07B0}
	EndGlobalSection
	GlobalSection(ProjectConfigurationPlatforms) = postSolution
		{BB68D710-2106-4F6A-A79D-4356B4F966A8}.Debug|Any CPU.ActiveCfg = Debug|Any CPU
		{BB68D710-2106-4F6A-A79D-4356B4F966A8}.Debug|Any CPU.Build.0 = Debug|Any CPU
		{BB68D710-2106-4F6A-A79D-4356B4F966A8}.Release|Any CPU.ActiveCfg = Release|Any CPU
		{BB68D710-2106-4F6A-A79D-4356B4F966A8}.Release|Any CPU.Build.0 = Release|Any CPU
		{895B4516-6B75-4835-8CFF-D45CB1BAC2B9}.Debug|Any CPU.ActiveCfg = Debug|Any CPU
		{895B4516-6B75-4835-8CFF-D45CB1BAC2B9}.Debug|Any CPU.Build.0 = Debug|Any CPU
		{895B4516-6B75-4835-8CFF-D45CB1BAC2B9}.Release|Any CPU.ActiveCfg = Release|Any CPU
		{895B4516-6B75-4835-8CFF-D45CB1BAC2B9}.Release|Any CPU.Build.0 = Release|Any CPU
		{A4720D32-DB57-4F22-BFE3-D2A71AAB95C6}.Debug|Any CPU.ActiveCfg = Debug|Any CPU
		{A4720D32-DB57-4F22-BFE3-D2A71AAB95C6}.Debug|Any CPU.Build.0 = Debug|Any CPU
		{A4720D32-DB57-4F22-BFE3-D2A71AAB95C6}.Release|Any CPU.ActiveCfg = Release|Any CPU
		{A4720D32-DB57-4F22-BFE3-D2A71AAB95C6}.Release|Any CPU.Build.0 = Release|Any CPU
		{5288EA3F-6058-4352-BD9E-4633DF0C066C}.Debug|Any CPU.ActiveCfg = Debug|Any CPU
		{5288EA3F-6058-4352-BD9E-4633DF0C066C}.Debug|Any CPU.Build.0 = Debug|Any CPU
		{5288EA3F-6058-4352-BD9E-4633DF0C066C}.Release|Any CPU.ActiveCfg = Release|Any CPU
		{5288EA3F-6058-4352-BD9E-4633DF0C066C}.Release|Any CPU.Build.0 = Release|Any CPU
		{164723AA-B683-4B6A-9DC5-4C8EF706E14E}.Debug|Any CPU.ActiveCfg = Debug|Any CPU
		{164723AA-B683-4B6A-9DC5-4C8EF706E14E}.Debug|Any CPU.Build.0 = Debug|Any CPU
		{164723AA-B683-4B6A-9DC5-4C8EF706E14E}.Release|Any CPU.ActiveCfg = Release|Any CPU
		{164723AA-B683-4B6A-9DC5-4C8EF706E14E}.Release|Any CPU.Build.0 = Release|Any CPU
		{21A1F0E5-57FB-4FF9-9057-A1DA9E546176}.Debug|Any CPU.ActiveCfg = Debug|Any CPU
		{21A1F0E5-57FB-4FF9-9057-A1DA9E546176}.Debug|Any CPU.Build.0 = Debug|Any CPU
		{21A1F0E5-57FB-4FF9-9057-A1DA9E546176}.Release|Any CPU.ActiveCfg = Release|Any CPU
		{21A1F0E5-57FB-4FF9-9057-A1DA9E546176}.Release|Any CPU.Build.0 = Release|Any CPU
		{B7A2798F-4AC2-4FE1-BB07-C0C42DA5E132}.Debug|Any CPU.ActiveCfg = Debug|Any CPU
		{B7A2798F-4AC2-4FE1-BB07-C0C42DA5E132}.Debug|Any CPU.Build.0 = Debug|Any CPU
		{B7A2798F-4AC2-4FE1-BB07-C0C42DA5E132}.Release|Any CPU.ActiveCfg = Release|Any CPU
		{B7A2798F-4AC2-4FE1-BB07-C0C42DA5E132}.Release|Any CPU.Build.0 = Release|Any CPU
		{7181CA5A-7A3F-4E22-A339-14E8A3AEBABA}.Debug|Any CPU.ActiveCfg = Debug|Any CPU
		{7181CA5A-7A3F-4E22-A339-14E8A3AEBABA}.Debug|Any CPU.Build.0 = Debug|Any CPU
		{7181CA5A-7A3F-4E22-A339-14E8A3AEBABA}.Release|Any CPU.ActiveCfg = Release|Any CPU
		{7181CA5A-7A3F-4E22-A339-14E8A3AEBABA}.Release|Any CPU.Build.0 = Release|Any CPU
		{A59BDFF0-DB51-4B67-AE92-EC2960524E1E}.Debug|Any CPU.ActiveCfg = Debug|Any CPU
		{A59BDFF0-DB51-4B67-AE92-EC2960524E1E}.Debug|Any CPU.Build.0 = Debug|Any CPU
		{A59BDFF0-DB51-4B67-AE92-EC2960524E1E}.Release|Any CPU.ActiveCfg = Release|Any CPU
		{A59BDFF0-DB51-4B67-AE92-EC2960524E1E}.Release|Any CPU.Build.0 = Release|Any CPU
		{5309EE4E-7ABE-43C8-B0C8-CE604DC1E895}.Debug|Any CPU.ActiveCfg = Debug|Any CPU
		{5309EE4E-7ABE-43C8-B0C8-CE604DC1E895}.Debug|Any CPU.Build.0 = Debug|Any CPU
		{5309EE4E-7ABE-43C8-B0C8-CE604DC1E895}.Release|Any CPU.ActiveCfg = Release|Any CPU
		{5309EE4E-7ABE-43C8-B0C8-CE604DC1E895}.Release|Any CPU.Build.0 = Release|Any CPU
		{E7C3CF6F-9227-410E-9302-AFF12584A36F}.Debug|Any CPU.ActiveCfg = Debug|Any CPU
		{E7C3CF6F-9227-410E-9302-AFF12584A36F}.Debug|Any CPU.Build.0 = Debug|Any CPU
		{E7C3CF6F-9227-410E-9302-AFF12584A36F}.Release|Any CPU.ActiveCfg = Release|Any CPU
		{E7C3CF6F-9227-410E-9302-AFF12584A36F}.Release|Any CPU.Build.0 = Release|Any CPU
		{ADCD261D-47F9-4775-9D76-28544E69E4F8}.Debug|Any CPU.ActiveCfg = Debug|Any CPU
		{ADCD261D-47F9-4775-9D76-28544E69E4F8}.Debug|Any CPU.Build.0 = Debug|Any CPU
		{ADCD261D-47F9-4775-9D76-28544E69E4F8}.Release|Any CPU.ActiveCfg = Release|Any CPU
		{ADCD261D-47F9-4775-9D76-28544E69E4F8}.Release|Any CPU.Build.0 = Release|Any CPU
		{D455ADFD-77E5-4D1B-87E6-F51D15EC9D62}.Debug|Any CPU.ActiveCfg = Debug|Any CPU
		{D455ADFD-77E5-4D1B-87E6-F51D15EC9D62}.Debug|Any CPU.Build.0 = Debug|Any CPU
		{D455ADFD-77E5-4D1B-87E6-F51D15EC9D62}.Release|Any CPU.ActiveCfg = Release|Any CPU
		{D455ADFD-77E5-4D1B-87E6-F51D15EC9D62}.Release|Any CPU.Build.0 = Release|Any CPU
	EndGlobalSection
EndGlobal
